
Microsoft Visual Studio Solution File, Format Version 12.00
# Visual Studio Version 17
VisualStudioVersion = 17.11.35312.102
MinimumVisualStudioVersion = 10.0.40219.1
Project("{FAE04EC0-301F-11D3-BF4B-00C04F79EFBC}") = "SistemaERP", "SistemaERP\SistemaERP.csproj", "{6AC507DE-0B9B-4EC5-B568-2ACC47CF2AB2}"
EndProject
Global
	GlobalSection(SolutionConfigurationPlatforms) = preSolution
		Debug|Any CPU = Debug|Any CPU
		Release|Any CPU = Release|Any CPU
	EndGlobalSection
	GlobalSection(ProjectConfigurationPlatforms) = postSolution
		{6AC507DE-0B9B-4EC5-B568-2ACC47CF2AB2}.Debug|Any CPU.ActiveCfg = Debug|Any CPU
		{6AC507DE-0B9B-4EC5-B568-2ACC47CF2AB2}.Debug|Any CPU.Build.0 = Debug|Any CPU
		{6AC507DE-0B9B-4EC5-B568-2ACC47CF2AB2}.Release|Any CPU.ActiveCfg = Release|Any CPU
		{6AC507DE-0B9B-4EC5-B568-2ACC47CF2AB2}.Release|Any CPU.Build.0 = Release|Any CPU
	EndGlobalSection
	GlobalSection(SolutionProperties) = preSolution
		HideSolutionNode = FALSE
	EndGlobalSection
	GlobalSection(ExtensibilityGlobals) = postSolution
		SolutionGuid = {B30499B3-FB2C-4F9E-8DC6-92D0AC65A31A}
	EndGlobalSection
EndGlobal
